
Microsoft Visual Studio Solution File, Format Version 12.00
# Visual Studio Version 16
VisualStudioVersion = 16.0.29613.14
MinimumVisualStudioVersion = 10.0.40219.1
Project("{9A19103F-16F7-4668-BE54-9A1E7A4F7556}") = "PandaHR.Api", "src\PandaHR.Api\PandaHR.Api.csproj", "{F7BCBEC7-3F77-4368-9EED-36923FC996C1}"
EndProject
Project("{9A19103F-16F7-4668-BE54-9A1E7A4F7556}") = "PandaHR.Api.DAL", "src\PandaHR.Api.DAL\PandaHR.Api.DAL.csproj", "{18D66ACE-4430-4F01-95C7-6B87668E6368}"
EndProject
Project("{9A19103F-16F7-4668-BE54-9A1E7A4F7556}") = "PandaHR.Api.DAL.EF", "src\PandaHR.Api.DAL.EF\PandaHR.Api.DAL.EF.csproj", "{D38C8CC7-0739-4933-9CB0-775EB91EF93E}"
EndProject
Project("{2150E333-8FDC-42A3-9474-1A3956D46DE8}") = "src", "src", "{626DA999-2E9B-453C-BB03-60174DDCA6B9}"
EndProject
Project("{2150E333-8FDC-42A3-9474-1A3956D46DE8}") = "tests", "tests", "{220846A3-A160-409D-BD21-F639B69800BA}"
EndProject
Project("{9A19103F-16F7-4668-BE54-9A1E7A4F7556}") = "PandaHR.Api.Common", "src\PandaHR.Api.Common\PandaHR.Api.Common.csproj", "{53ECDFA0-FE62-400D-B8C9-673D7065ADE7}"
EndProject
Project("{9A19103F-16F7-4668-BE54-9A1E7A4F7556}") = "PandaHR.Api.DAL.Models", "src\PandaHR.Api.DAL.Models\PandaHR.Api.DAL.Models.csproj", "{80D1E581-F724-4E26-A6A9-D25E2CDEECA6}"
EndProject
Project("{9A19103F-16F7-4668-BE54-9A1E7A4F7556}") = "PandaHR.Api.Services", "src\PandaHR.Api.Services\PandaHR.Api.Services.csproj", "{29BEFB15-42B0-4F46-9D5E-A6AFBF3F7EC1}"
EndProject
Project("{9A19103F-16F7-4668-BE54-9A1E7A4F7556}") = "PandaHR.Api.UnitTests", "tests\PandaHR.Api.UnitTests\PandaHR.Api.UnitTests.csproj", "{4C2AF735-F8C9-4CD5-A6B4-94F498DE2F33}"
EndProject
Project("{9A19103F-16F7-4668-BE54-9A1E7A4F7556}") = "PandaHR.Api.DependencyResolver", "src\PandaHR.Api.DependencyResolver\PandaHR.Api.DependencyResolver.csproj", "{F27F17F2-43C8-41C7-8321-E27814C62667}"
EndProject
Project("{FAE04EC0-301F-11D3-BF4B-00C04F79EFBC}") = "PandaHR.Api.DAL.MongoDB", "src\PandaHR.Api.DAL.MongoDB\PandaHR.Api.DAL.MongoDB.csproj", "{5387FF23-9144-4338-92C0-2183DC8D7180}"
EndProject
Global
	GlobalSection(SolutionConfigurationPlatforms) = preSolution
		Debug|Any CPU = Debug|Any CPU
		Release|Any CPU = Release|Any CPU
	EndGlobalSection
	GlobalSection(ProjectConfigurationPlatforms) = postSolution
		{F7BCBEC7-3F77-4368-9EED-36923FC996C1}.Debug|Any CPU.ActiveCfg = Debug|Any CPU
		{F7BCBEC7-3F77-4368-9EED-36923FC996C1}.Debug|Any CPU.Build.0 = Debug|Any CPU
		{F7BCBEC7-3F77-4368-9EED-36923FC996C1}.Release|Any CPU.ActiveCfg = Release|Any CPU
		{F7BCBEC7-3F77-4368-9EED-36923FC996C1}.Release|Any CPU.Build.0 = Release|Any CPU
		{18D66ACE-4430-4F01-95C7-6B87668E6368}.Debug|Any CPU.ActiveCfg = Debug|Any CPU
		{18D66ACE-4430-4F01-95C7-6B87668E6368}.Debug|Any CPU.Build.0 = Debug|Any CPU
		{18D66ACE-4430-4F01-95C7-6B87668E6368}.Release|Any CPU.ActiveCfg = Release|Any CPU
		{18D66ACE-4430-4F01-95C7-6B87668E6368}.Release|Any CPU.Build.0 = Release|Any CPU
		{D38C8CC7-0739-4933-9CB0-775EB91EF93E}.Debug|Any CPU.ActiveCfg = Debug|Any CPU
		{D38C8CC7-0739-4933-9CB0-775EB91EF93E}.Debug|Any CPU.Build.0 = Debug|Any CPU
		{D38C8CC7-0739-4933-9CB0-775EB91EF93E}.Release|Any CPU.ActiveCfg = Release|Any CPU
		{D38C8CC7-0739-4933-9CB0-775EB91EF93E}.Release|Any CPU.Build.0 = Release|Any CPU
		{53ECDFA0-FE62-400D-B8C9-673D7065ADE7}.Debug|Any CPU.ActiveCfg = Debug|Any CPU
		{53ECDFA0-FE62-400D-B8C9-673D7065ADE7}.Debug|Any CPU.Build.0 = Debug|Any CPU
		{53ECDFA0-FE62-400D-B8C9-673D7065ADE7}.Release|Any CPU.ActiveCfg = Release|Any CPU
		{53ECDFA0-FE62-400D-B8C9-673D7065ADE7}.Release|Any CPU.Build.0 = Release|Any CPU
		{80D1E581-F724-4E26-A6A9-D25E2CDEECA6}.Debug|Any CPU.ActiveCfg = Debug|Any CPU
		{80D1E581-F724-4E26-A6A9-D25E2CDEECA6}.Debug|Any CPU.Build.0 = Debug|Any CPU
		{80D1E581-F724-4E26-A6A9-D25E2CDEECA6}.Release|Any CPU.ActiveCfg = Release|Any CPU
		{80D1E581-F724-4E26-A6A9-D25E2CDEECA6}.Release|Any CPU.Build.0 = Release|Any CPU
		{29BEFB15-42B0-4F46-9D5E-A6AFBF3F7EC1}.Debug|Any CPU.ActiveCfg = Debug|Any CPU
		{29BEFB15-42B0-4F46-9D5E-A6AFBF3F7EC1}.Debug|Any CPU.Build.0 = Debug|Any CPU
		{29BEFB15-42B0-4F46-9D5E-A6AFBF3F7EC1}.Release|Any CPU.ActiveCfg = Release|Any CPU
		{29BEFB15-42B0-4F46-9D5E-A6AFBF3F7EC1}.Release|Any CPU.Build.0 = Release|Any CPU
		{4C2AF735-F8C9-4CD5-A6B4-94F498DE2F33}.Debug|Any CPU.ActiveCfg = Debug|Any CPU
		{4C2AF735-F8C9-4CD5-A6B4-94F498DE2F33}.Debug|Any CPU.Build.0 = Debug|Any CPU
		{4C2AF735-F8C9-4CD5-A6B4-94F498DE2F33}.Release|Any CPU.ActiveCfg = Release|Any CPU
		{4C2AF735-F8C9-4CD5-A6B4-94F498DE2F33}.Release|Any CPU.Build.0 = Release|Any CPU
		{F27F17F2-43C8-41C7-8321-E27814C62667}.Debug|Any CPU.ActiveCfg = Debug|Any CPU
		{F27F17F2-43C8-41C7-8321-E27814C62667}.Debug|Any CPU.Build.0 = Debug|Any CPU
		{F27F17F2-43C8-41C7-8321-E27814C62667}.Release|Any CPU.ActiveCfg = Release|Any CPU
		{F27F17F2-43C8-41C7-8321-E27814C62667}.Release|Any CPU.Build.0 = Release|Any CPU
		{5387FF23-9144-4338-92C0-2183DC8D7180}.Debug|Any CPU.ActiveCfg = Debug|Any CPU
		{5387FF23-9144-4338-92C0-2183DC8D7180}.Debug|Any CPU.Build.0 = Debug|Any CPU
		{5387FF23-9144-4338-92C0-2183DC8D7180}.Release|Any CPU.ActiveCfg = Release|Any CPU
		{5387FF23-9144-4338-92C0-2183DC8D7180}.Release|Any CPU.Build.0 = Release|Any CPU
	EndGlobalSection
	GlobalSection(SolutionProperties) = preSolution
		HideSolutionNode = FALSE
	EndGlobalSection
	GlobalSection(NestedProjects) = preSolution
		{F7BCBEC7-3F77-4368-9EED-36923FC996C1} = {626DA999-2E9B-453C-BB03-60174DDCA6B9}
		{18D66ACE-4430-4F01-95C7-6B87668E6368} = {626DA999-2E9B-453C-BB03-60174DDCA6B9}
		{D38C8CC7-0739-4933-9CB0-775EB91EF93E} = {626DA999-2E9B-453C-BB03-60174DDCA6B9}
		{53ECDFA0-FE62-400D-B8C9-673D7065ADE7} = {626DA999-2E9B-453C-BB03-60174DDCA6B9}
		{80D1E581-F724-4E26-A6A9-D25E2CDEECA6} = {626DA999-2E9B-453C-BB03-60174DDCA6B9}
		{29BEFB15-42B0-4F46-9D5E-A6AFBF3F7EC1} = {626DA999-2E9B-453C-BB03-60174DDCA6B9}
		{4C2AF735-F8C9-4CD5-A6B4-94F498DE2F33} = {220846A3-A160-409D-BD21-F639B69800BA}
		{F27F17F2-43C8-41C7-8321-E27814C62667} = {626DA999-2E9B-453C-BB03-60174DDCA6B9}
		{5387FF23-9144-4338-92C0-2183DC8D7180} = {626DA999-2E9B-453C-BB03-60174DDCA6B9}
	EndGlobalSection
	GlobalSection(ExtensibilityGlobals) = postSolution
		SolutionGuid = {19D83BDC-C772-4B44-8060-5CF09528BBDD}
	EndGlobalSection
EndGlobal
